{
  "name": "flutter-docs-ptbr",
  "version": "1.0.0",
  "lockfileVersion": 1,
  "requires": true,
  "dependencies": {
    "lodash": {
      "version": "4.17.15",
      "resolved": "https://registry.npmjs.org/lodash/-/lodash-4.17.15.tgz",
      "integrity": "sha512-8xOcRHvCjnocdS5cpwXQXVzmmh5e5+saE2QGoeQmbKmRS6J3VQppPOIt0MnmE+4xlZoumy0GPG0D0MVIQbNA1A=="
    },
    "popper.js": {
      "version": "1.16.1",
      "resolved": "https://registry.npmjs.org/popper.js/-/popper.js-1.16.1.tgz",
      "integrity": "sha512-Wb4p1J4zyFTbM+u6WuO4XstYx4Ky9Cewe4DWrel7B0w6VVICvPwdOpotjzcf6eD8TsckVnIMNONQyPIUFOUbCQ=="
    },
    "v-clipboard": {
      "version": "2.2.2",
      "resolved": "https://registry.npmjs.org/v-clipboard/-/v-clipboard-2.2.2.tgz",
      "integrity": "sha512-8Nch/q4j4e5BqHFuKUReKBvB7lzn9FQTEuPa54pmfX44VYhWnxAoSHuMwm2Qf9EnyCSEmczqj2VYPsU2BEe6Mw=="
    },
    "v-tooltip": {
      "version": "2.0.3",
      "resolved": "https://registry.npmjs.org/v-tooltip/-/v-tooltip-2.0.3.tgz",
      "integrity": "sha512-KZZY3s+dcijzZmV2qoDH4rYmjMZ9YKGBVoUznZKQX0e3c2GjpJm3Sldzz8HHH2Ud87JqhZPB4+4gyKZ6m98cKQ==",
      "requires": {
        "lodash": "^4.17.15",
        "popper.js": "^1.16.0",
        "vue-resize": "^0.4.5"
      }
    },
    "vue-resize": {
      "version": "0.4.5",
      "resolved": "https://registry.npmjs.org/vue-resize/-/vue-resize-0.4.5.tgz",
      "integrity": "sha512-bhP7MlgJQ8TIkZJXAfDf78uJO+mEI3CaLABLjv0WNzr4CcGRGPIAItyWYnP6LsPA4Oq0WE+suidNs6dgpO4RHg=="
    }
  }
}
